
Microsoft Visual Studio Solution File, Format Version 12.00
# Visual Studio 15
VisualStudioVersion = 15.0.27428.2002
MinimumVisualStudioVersion = 10.0.40219.1
Project("{FAE04EC0-301F-11D3-BF4B-00C04F79EFBC}") = "graphql_sandbox", "graphql_sandbox\graphql_sandbox.csproj", "{BBA33D45-90F5-4CF3-81AF-FDF22ADCE4C9}"
EndProject
Global
	GlobalSection(SolutionConfigurationPlatforms) = preSolution
		Debug|Any CPU = Debug|Any CPU
		Release|Any CPU = Release|Any CPU
	EndGlobalSection
	GlobalSection(ProjectConfigurationPlatforms) = postSolution
		{BBA33D45-90F5-4CF3-81AF-FDF22ADCE4C9}.Debug|Any CPU.ActiveCfg = Debug|Any CPU
		{BBA33D45-90F5-4CF3-81AF-FDF22ADCE4C9}.Debug|Any CPU.Build.0 = Debug|Any CPU
		{BBA33D45-90F5-4CF3-81AF-FDF22ADCE4C9}.Release|Any CPU.ActiveCfg = Release|Any CPU
		{BBA33D45-90F5-4CF3-81AF-FDF22ADCE4C9}.Release|Any CPU.Build.0 = Release|Any CPU
	EndGlobalSection
	GlobalSection(SolutionProperties) = preSolution
		HideSolutionNode = FALSE
	EndGlobalSection
	GlobalSection(ExtensibilityGlobals) = postSolution
		SolutionGuid = {7E387D9D-4AF8-42AB-8218-5B94B98DA037}
	EndGlobalSection
EndGlobal
